// !$*UTF8*$!
{
	archiveVersion = 1;
	classes = {
	};
	objectVersion = 48;
	objects = {

/* Begin PBXBuildFile section */
		B2FC2ED61FDE9F9F00995D8F /* AppDelegate.swift in Sources */ = {isa = PBXBuildFile; fileRef = B2FC2ED51FDE9F9F00995D8F /* AppDelegate.swift */; };
		B2FC2ED81FDE9F9F00995D8F /* ViewController.swift in Sources */ = {isa = PBXBuildFile; fileRef = B2FC2ED71FDE9F9F00995D8F /* ViewController.swift */; };
		B2FC2EDB1FDE9F9F00995D8F /* Main.storyboard in Resources */ = {isa = PBXBuildFile; fileRef = B2FC2ED91FDE9F9F00995D8F /* Main.storyboard */; };
		B2FC2EDD1FDE9F9F00995D8F /* Assets.xcassets in Resources */ = {isa = PBXBuildFile; fileRef = B2FC2EDC1FDE9F9F00995D8F /* Assets.xcassets */; };
		B2FC2EE01FDE9F9F00995D8F /* LaunchScreen.storyboard in Resources */ = {isa = PBXBuildFile; fileRef = B2FC2EDE1FDE9F9F00995D8F /* LaunchScreen.storyboard */; };
/* End PBXBuildFile section */

/* Begin PBXFileReference section */
		B2FC2ED21FDE9F9F00995D8F /* DrawGraphics.app */ = {isa = PBXFileReference; explicitFileType = wrapper.application; includeInIndex = 0; path = DrawGraphics.app; sourceTree = BUILT_PRODUCTS_DIR; };
		B2FC2ED51FDE9F9F00995D8F /* AppDelegate.swift */ = {isa = PBXFileReference; lastKnownFileType = sourcecode.swift; path = AppDelegate.swift; sourceTree = "<group>"; };
		B2FC2ED71FDE9F9F00995D8F /* ViewController.swift */ = {isa = PBXFileReference; lastKnownFileType = sourcecode.swift; path = ViewController.swift; sourceTree = "<group>"; };
		B2FC2EDA1FDE9F9F00995D8F /* Base */ = {isa = PBXFileReference; lastKnownFileType = file.storyboard; name = Base; path = Base.lproj/Main.storyboard; sourceTree = "<group>"; };
		B2FC2EDC1FDE9F9F00995D8F /* Assets.xcassets */ = {isa = PBXFileReference; lastKnownFileType = folder.assetcatalog; path = Assets.xcassets; sourceTree = "<group>"; };
		B2FC2EDF1FDE9F9F00995D8F /* Base */ = {isa = PBXFileReference; lastKnownFileType = file.storyboard; name = Base; path = Base.lproj/LaunchScreen.storyboard; sourceTree = "<group>"; };
		B2FC2EE11FDE9F9F00995D8F /* Info.plist */ = {isa = PBXFileReference; lastKnownFileType = text.plist.xml; path = Info.plist; sourceTree = "<group>"; };
/* End PBXFileReference section */

/* Begin PBXFrameworksBuildPhase section */
		B2FC2ECF1FDE9F9F00995D8F /* Frameworks */ = {
			isa = PBXFrameworksBuildPhase;
			buildActionMask = 2147483647;
			files = (
			);
			runOnlyForDeploymentPostprocessing = 0;
		};
/* End PBXFrameworksBuildPhase section */

/* Begin PBXGroup section */
		B2FC2EC91FDE9F9F00995D8F = {
			isa = PBXGroup;
			children = (
				B2FC2ED41FDE9F9F00995D8F /* DrawGraphics */,
				B2FC2ED31FDE9F9F00995D8F /* Products */,
			);
			sourceTree = "<group>";
		};
		B2FC2ED31FDE9F9F00995D8F /* Products */ = {
			isa = PBXGroup;
			children = (
				B2FC2ED21FDE9F9F00995D8F /* DrawGraphics.app */,
			);
			name = Products;
			sourceTree = "<group>";
		};
		B2FC2ED41FDE9F9F00995D8F /* DrawGraphics */ = {
			isa = PBXGroup;
			children = (
				B2FC2ED51FDE9F9F00995D8F /* AppDelegate.swift */,
				B2FC2ED71FDE9F9F00995D8F /* ViewController.swift */,
				B2FC2ED91FDE9F9F00995D8F /* Main.storyboard */,
				B2FC2EDC1FDE9F9F00995D8F /* Assets.xcassets */,
				B2FC2EDE1FDE9F9F00995D8F /* LaunchScreen.storyboard */,
				B2FC2EE11FDE9F9F00995D8F /* Info.plist */,
			);
			path = DrawGraphics;
			sourceTree = "<group>";
		};
/* End PBXGroup section */

/* Begin PBXNativeTarget section */
		B2FC2ED11FDE9F9F00995D8F /* DrawGraphics */ = {
			isa = PBXNativeTarget;
			buildConfigurationList = B2FC2EE41FDE9F9F00995D8F /* Build configuration list for PBXNativeTarget "DrawGraphics" */;
			buildPhases = (
				B2FC2ECE1FDE9F9F00995D8F /* Sources */,
				B2FC2ECF1FDE9F9F00995D8F /* Frameworks */,
				B2FC2ED01FDE9F9F00995D8F /* Resources */,
			);
			buildRules = (
			);
			dependencies = (
			);
			name = DrawGraphics;
			productName = DrawGraphics;
			productReference = B2FC2ED21FDE9F9F00995D8F /* DrawGraphics.app */;
			productType = "com.apple.product-type.application";
		};
/* End PBXNativeTarget section */

/* Begin PBXProject section */
		B2FC2ECA1FDE9F9F00995D8F /* Project object */ = {
			isa = PBXProject;
			attributes = {
				LastSwiftUpdateCheck = 0910;
				LastUpgradeCheck = 0910;
				ORGANIZATIONNAME = "정은아";
				TargetAttributes = {
					B2FC2ED11FDE9F9F00995D8F = {
						CreatedOnToolsVersion = 9.1;
						ProvisioningStyle = Automatic;
					};
				};
			};
			buildConfigurationList = B2FC2ECD1FDE9F9F00995D8F /* Build configuration list for PBXProject "DrawGraphics" */;
			compatibilityVersion = "Xcode 8.0";
			developmentRegion = en;
			hasScannedForEncodings = 0;
			knownRegions = (
				en,
				Base,
			);
			mainGroup = B2FC2EC91FDE9F9F00995D8F;
			productRefGroup = B2FC2ED31FDE9F9F00995D8F /* Products */;
			projectDirPath = "";
			projectRoot = "";
			targets = (
				B2FC2ED11FDE9F9F00995D8F /* DrawGraphics */,
			);
		};
/* End PBXProject section */

/* Begin PBXResourcesBuildPhase section */
		B2FC2ED01FDE9F9F00995D8F /* Resources */ = {
			isa = PBXResourcesBuildPhase;
			buildActionMask = 2147483647;
			files = (
				B2FC2EE01FDE9F9F00995D8F /* LaunchScreen.storyboard in Resources */,
				B2FC2EDD1FDE9F9F00995D8F /* Assets.xcassets in Resources */,
				B2FC2EDB1FDE9F9F00995D8F /* Main.storyboard in Resources */,
			);
			runOnlyForDeploymentPostprocessing = 0;
		};
/* End PBXResourcesBuildPhase section */

/* Begin PBXSourcesBuildPhase section */
		B2FC2ECE1FDE9F9F00995D8F /* Sources */ = {
			isa = PBXSourcesBuildPhase;
			buildActionMask = 2147483647;
			files = (
				B2FC2ED81FDE9F9F00995D8F /* ViewController.swift in Sources */,
				B2FC2ED61FDE9F9F00995D8F /* AppDelegate.swift in Sources */,
			);
			runOnlyForDeploymentPostprocessing = 0;
		};
/* End PBXSourcesBuildPhase section */

/* Begin PBXVariantGroup section */
		B2FC2ED91FDE9F9F00995D8F /* Main.storyboard */ = {
			isa = PBXVariantGroup;
			children = (
				B2FC2EDA1FDE9F9F00995D8F /* Base */,
			);
			name = Main.storyboard;
			sourceTree = "<group>";
		};
		B2FC2EDE1FDE9F9F00995D8F /* LaunchScreen.storyboard */ = {
			isa = PBXVariantGroup;
			children = (
				B2FC2EDF1FDE9F9F00995D8F /* Base */,
			);
			name = LaunchScreen.storyboard;
			sourceTree = "<group>";
		};
/* End PBXVariantGroup section */

/* Begin XCBuildConfiguration section */
		B2FC2EE21FDE9F9F00995D8F /* Debug */ = {
			isa = XCBuildConfiguration;
			buildSettings = {
				ALWAYS_SEARCH_USER_PATHS = NO;
				CLANG_ANALYZER_NONNULL = YES;
				CLANG_ANALYZER_NUMBER_OBJECT_CONVERSION = YES_AGGRESSIVE;
				CLANG_CXX_LANGUAGE_STANDARD = "gnu++14";
				CLANG_CXX_LIBRARY = "libc++";
				CLANG_ENABLE_MODULES = YES;
				CLANG_ENABLE_OBJC_ARC = YES;
				CLANG_WARN_BLOCK_CAPTURE_AUTORELEASING = YES;
				CLANG_WARN_BOOL_CONVERSION = YES;
				CLANG_WARN_COMMA = YES;
				CLANG_WARN_CONSTANT_CONVERSION = YES;
				CLANG_WARN_DIRECT_OBJC_ISA_USAGE = YES_ERROR;
				CLANG_WARN_DOCUMENTATION_COMMENTS = YES;
				CLANG_WARN_EMPTY_BODY = YES;
				CLANG_WARN_ENUM_CONVERSION = YES;
				CLANG_WARN_INFINITE_RECURSION = YES;
				CLANG_WARN_INT_CONVERSION = YES;
				CLANG_WARN_NON_LITERAL_NULL_CONVERSION = YES;
				CLANG_WARN_OBJC_LITERAL_CONVERSION = YES;
				CLANG_WARN_OBJC_ROOT_CLASS = YES_ERROR;
				CLANG_WARN_RANGE_LOOP_ANALYSIS = YES;
				CLANG_WARN_STRICT_PROTOTYPES = YES;
				CLANG_WARN_SUSPICIOUS_MOVE = YES;
				CLANG_WARN_UNGUARDED_AVAILABILITY = YES_AGGRESSIVE;
				CLANG_WARN_UNREACHABLE_CODE = YES;
				CLANG_WARN__DUPLICATE_METHOD_MATCH = YES;
				CODE_SIGN_IDENTITY = "iPhone Developer";
				COPY_PHASE_STRIP = NO;
				DEBUG_INFORMATION_FORMAT = dwarf;
				ENABLE_STRICT_OBJC_MSGSEND = YES;
				ENABLE_TESTABILITY = YES;
				GCC_C_LANGUAGE_STANDARD = gnu11;
				GCC_DYNAMIC_NO_PIC = NO;
				GCC_NO_COMMON_BLOCKS = YES;
				GCC_OPTIMIZATION_LEVEL = 0;
				GCC_PREPROCESSOR_DEFINITIONS = (
					"DEBUG=1",
					"$(inherited)",
				);
				GCC_WARN_64_TO_32_BIT_CONVERSION = YES;
				GCC_WARN_ABOUT_RETURN_TYPE = YES_ERROR;
				GCC_WARN_UNDECLARED_SELECTOR = YES;
				GCC_WARN_UNINITIALIZED_AUTOS = YES_AGGRESSIVE;
				GCC_WARN_UNUSED_FUNCTION = YES;
				GCC_WARN_UNUSED_VARIABLE = YES;
				IPHONEOS_DEPLOYMENT_TARGET = 11.1;
				MTL_ENABLE_DEBUG_INFO = YES;
				ONLY_ACTIVE_ARCH = YES;
				SDKROOT = iphoneos;
				SWIFT_ACTIVE_COMPILATION_CONDITIONS = DEBUG;
				SWIFT_OPTIMIZATION_LEVEL = "-Onone";
			};
			name = Debug;
		};
		B2FC2EE31FDE9F9F00995D8F /* Release */ = {
			isa = XCBuildConfiguration;
			buildSettings = {
				ALWAYS_SEARCH_USER_PATHS = NO;
				CLANG_ANALYZER_NONNULL = YES;
				CLANG_ANALYZER_NUMBER_OBJECT_CONVERSION = YES_AGGRESSIVE;
				CLANG_CXX_LANGUAGE_STANDARD = "gnu++14";
				CLANG_CXX_LIBRARY = "libc++";
				CLANG_ENABLE_MODULES = YES;
				CLANG_ENABLE_OBJC_ARC = YES;
				CLANG_WARN_BLOCK_CAPTURE_AUTORELEASING = YES;
				CLANG_WARN_BOOL_CONVERSION = YES;
				CLANG_WARN_COMMA = YES;
				CLANG_WARN_CONSTANT_CONVERSION = YES;
				CLANG_WARN_DIRECT_OBJC_ISA_USAGE = YES_ERROR;
				CLANG_WARN_DOCUMENTATION_COMMENTS = YES;
				CLANG_WARN_EMPTY_BODY = YES;
				CLANG_WARN_ENUM_CONVERSION = YES;
				CLANG_WARN_INFINITE_RECURSION = YES;
				CLANG_WARN_INT_CONVERSION = YES;
				CLANG_WARN_NON_LITERAL_NULL_CONVERSION = YES;
				CLANG_WARN_OBJC_LITERAL_CONVERSION = YES;
				CLANG_WARN_OBJC_ROOT_CLASS = YES_ERROR;
				CLANG_WARN_RANGE_LOOP_ANALYSIS = YES;
				CLANG_WARN_STRICT_PROTOTYPES = YES;
				CLANG_WARN_SUSPICIOUS_MOVE = YES;
				CLANG_WARN_UNGUARDED_AVAILABILITY = YES_AGGRESSIVE;
				CLANG_WARN_UNREACHABLE_CODE = YES;
				CLANG_WARN__DUPLICATE_METHOD_MATCH = YES;
				CODE_SIGN_IDENTITY = "iPhone Developer";
				COPY_PHASE_STRIP = NO;
				DEBUG_INFORMATION_FORMAT = "dwarf-with-dsym";
				ENABLE_NS_ASSERTIONS = NO;
				ENABLE_STRICT_OBJC_MSGSEND = YES;
				GCC_C_LANGUAGE_STANDARD = gnu11;
				GCC_NO_COMMON_BLOCKS = YES;
				GCC_WARN_64_TO_32_BIT_CONVERSION = YES;
				GCC_WARN_ABOUT_RETURN_TYPE = YES_ERROR;
				GCC_WARN_UNDECLARED_SELECTOR = YES;
				GCC_WARN_UNINITIALIZED_AUTOS = YES_AGGRESSIVE;
				GCC_WARN_UNUSED_FUNCTION = YES;
				GCC_WARN_UNUSED_VARIABLE = YES;
				IPHONEOS_DEPLOYMENT_TARGET = 11.1;
				MTL_ENABLE_DEBUG_INFO = NO;
				SDKROOT = iphoneos;
				SWIFT_OPTIMIZATION_LEVEL = "-Owholemodule";
				VALIDATE_PRODUCT = YES;
			};
			name = Release;
		};
		B2FC2EE51FDE9F9F00995D8F /* Debug */ = {
			isa = XCBuildConfiguration;
			buildSettings = {
				ASSETCATALOG_COMPILER_APPICON_NAME = AppIcon;
				CODE_SIGN_STYLE = Automatic;
				DEVELOPMENT_TEAM = L77HCV55CZ;
				INFOPLIST_FILE = DrawGraphics/Info.plist;
				LD_RUNPATH_SEARCH_PATHS = "$(inherited) @executable_path/Frameworks";
				PRODUCT_BUNDLE_IDENTIFIER = com.euna501.DrawGraphics;
				PRODUCT_NAME = "$(TARGET_NAME)";
				SWIFT_VERSION = 4.0;
				TARGETED_DEVICE_FAMILY = "1,2";
			};
			name = Debug;
		};
		B2FC2EE61FDE9F9F00995D8F /* Release */ = {
			isa = XCBuildConfiguration;
			buildSettings = {
				ASSETCATALOG_COMPILER_APPICON_NAME = AppIcon;
				CODE_SIGN_STYLE = Automatic;
				DEVELOPMENT_TEAM = L77HCV55CZ;
				INFOPLIST_FILE = DrawGraphics/Info.plist;
				LD_RUNPATH_SEARCH_PATHS = "$(inherited) @executable_path/Frameworks";
				PRODUCT_BUNDLE_IDENTIFIER = com.euna501.DrawGraphics;
				PRODUCT_NAME = "$(TARGET_NAME)";
				SWIFT_VERSION = 4.0;
				TARGETED_DEVICE_FAMILY = "1,2";
			};
			name = Release;
		};
/* End XCBuildConfiguration section */

/* Begin XCConfigurationList section */
		B2FC2ECD1FDE9F9F00995D8F /* Build configuration list for PBXProject "DrawGraphics" */ = {
			isa = XCConfigurationList;
			buildConfigurations = (
				B2FC2EE21FDE9F9F00995D8F /* Debug */,
				B2FC2EE31FDE9F9F00995D8F /* Release */,
			);
			defaultConfigurationIsVisible = 0;
			defaultConfigurationName = Release;
		};
		B2FC2EE41FDE9F9F00995D8F /* Build configuration list for PBXNativeTarget "DrawGraphics" */ = {
			isa = XCConfigurationList;
			buildConfigurations = (
				B2FC2EE51FDE9F9F00995D8F /* Debug */,
				B2FC2EE61FDE9F9F00995D8F /* Release */,
			);
			defaultConfigurationIsVisible = 0;
			defaultConfigurationName = Release;
		};
/* End XCConfigurationList section */
	};
	rootObject = B2FC2ECA1FDE9F9F00995D8F /* Project object */;
}
