// !$*UTF8*$!
{
	archiveVersion = 1;
	classes = {
	};
	objectVersion = 46;
	objects = {

/* Begin PBXBuildFile section */
		B2A33E6E1E73EE4900CB90F8 /* AppDelegate.swift in Sources */ = {isa = PBXBuildFile; fileRef = B2A33E6D1E73EE4900CB90F8 /* AppDelegate.swift */; };
		B2A33E701E73EE4900CB90F8 /* ViewController.swift in Sources */ = {isa = PBXBuildFile; fileRef = B2A33E6F1E73EE4900CB90F8 /* ViewController.swift */; };
		B2A33E731E73EE4900CB90F8 /* Main.storyboard in Resources */ = {isa = PBXBuildFile; fileRef = B2A33E711E73EE4900CB90F8 /* Main.storyboard */; };
		B2A33E751E73EE4900CB90F8 /* Assets.xcassets in Resources */ = {isa = PBXBuildFile; fileRef = B2A33E741E73EE4900CB90F8 /* Assets.xcassets */; };
		B2A33E781E73EE4900CB90F8 /* LaunchScreen.storyboard in Resources */ = {isa = PBXBuildFile; fileRef = B2A33E761E73EE4900CB90F8 /* LaunchScreen.storyboard */; };
		B2A33E801E73EEAB00CB90F8 /* 1.jpeg in Resources */ = {isa = PBXBuildFile; fileRef = B2A33E7F1E73EEAB00CB90F8 /* 1.jpeg */; };
		B2A33E851E73EEBB00CB90F8 /* 4.jpeg in Resources */ = {isa = PBXBuildFile; fileRef = B2A33E811E73EEBB00CB90F8 /* 4.jpeg */; };
		B2A33E861E73EEBB00CB90F8 /* 3.jpeg in Resources */ = {isa = PBXBuildFile; fileRef = B2A33E821E73EEBB00CB90F8 /* 3.jpeg */; };
		B2A33E871E73EEBB00CB90F8 /* 2.jpeg in Resources */ = {isa = PBXBuildFile; fileRef = B2A33E831E73EEBB00CB90F8 /* 2.jpeg */; };
		B2A33E881E73EEBB00CB90F8 /* 5.jpeg in Resources */ = {isa = PBXBuildFile; fileRef = B2A33E841E73EEBB00CB90F8 /* 5.jpeg */; };
/* End PBXBuildFile section */

/* Begin PBXFileReference section */
		B2A33E6A1E73EE4900CB90F8 /* ImageViewer.app */ = {isa = PBXFileReference; explicitFileType = wrapper.application; includeInIndex = 0; path = ImageViewer.app; sourceTree = BUILT_PRODUCTS_DIR; };
		B2A33E6D1E73EE4900CB90F8 /* AppDelegate.swift */ = {isa = PBXFileReference; lastKnownFileType = sourcecode.swift; path = AppDelegate.swift; sourceTree = "<group>"; };
		B2A33E6F1E73EE4900CB90F8 /* ViewController.swift */ = {isa = PBXFileReference; lastKnownFileType = sourcecode.swift; path = ViewController.swift; sourceTree = "<group>"; };
		B2A33E721E73EE4900CB90F8 /* Base */ = {isa = PBXFileReference; lastKnownFileType = file.storyboard; name = Base; path = Base.lproj/Main.storyboard; sourceTree = "<group>"; };
		B2A33E741E73EE4900CB90F8 /* Assets.xcassets */ = {isa = PBXFileReference; lastKnownFileType = folder.assetcatalog; path = Assets.xcassets; sourceTree = "<group>"; };
		B2A33E771E73EE4900CB90F8 /* Base */ = {isa = PBXFileReference; lastKnownFileType = file.storyboard; name = Base; path = Base.lproj/LaunchScreen.storyboard; sourceTree = "<group>"; };
		B2A33E791E73EE4900CB90F8 /* Info.plist */ = {isa = PBXFileReference; lastKnownFileType = text.plist.xml; path = Info.plist; sourceTree = "<group>"; };
		B2A33E7F1E73EEAB00CB90F8 /* 1.jpeg */ = {isa = PBXFileReference; lastKnownFileType = image.jpeg; path = 1.jpeg; sourceTree = "<group>"; };
		B2A33E811E73EEBB00CB90F8 /* 4.jpeg */ = {isa = PBXFileReference; lastKnownFileType = image.jpeg; path = 4.jpeg; sourceTree = "<group>"; };
		B2A33E821E73EEBB00CB90F8 /* 3.jpeg */ = {isa = PBXFileReference; lastKnownFileType = image.jpeg; path = 3.jpeg; sourceTree = "<group>"; };
		B2A33E831E73EEBB00CB90F8 /* 2.jpeg */ = {isa = PBXFileReference; lastKnownFileType = image.jpeg; path = 2.jpeg; sourceTree = "<group>"; };
		B2A33E841E73EEBB00CB90F8 /* 5.jpeg */ = {isa = PBXFileReference; lastKnownFileType = image.jpeg; path = 5.jpeg; sourceTree = "<group>"; };
/* End PBXFileReference section */

/* Begin PBXFrameworksBuildPhase section */
		B2A33E671E73EE4900CB90F8 /* Frameworks */ = {
			isa = PBXFrameworksBuildPhase;
			buildActionMask = 2147483647;
			files = (
			);
			runOnlyForDeploymentPostprocessing = 0;
		};
/* End PBXFrameworksBuildPhase section */

/* Begin PBXGroup section */
		B2A33E611E73EE4900CB90F8 = {
			isa = PBXGroup;
			children = (
				B2A33E6C1E73EE4900CB90F8 /* ImageViewer */,
				B2A33E6B1E73EE4900CB90F8 /* Products */,
			);
			sourceTree = "<group>";
		};
		B2A33E6B1E73EE4900CB90F8 /* Products */ = {
			isa = PBXGroup;
			children = (
				B2A33E6A1E73EE4900CB90F8 /* ImageViewer.app */,
			);
			name = Products;
			sourceTree = "<group>";
		};
		B2A33E6C1E73EE4900CB90F8 /* ImageViewer */ = {
			isa = PBXGroup;
			children = (
				B2A33E6D1E73EE4900CB90F8 /* AppDelegate.swift */,
				B2A33E6F1E73EE4900CB90F8 /* ViewController.swift */,
				B2A33E711E73EE4900CB90F8 /* Main.storyboard */,
				B2A33E741E73EE4900CB90F8 /* Assets.xcassets */,
				B2A33E761E73EE4900CB90F8 /* LaunchScreen.storyboard */,
				B2A33E791E73EE4900CB90F8 /* Info.plist */,
				B2A33E7F1E73EEAB00CB90F8 /* 1.jpeg */,
				B2A33E831E73EEBB00CB90F8 /* 2.jpeg */,
				B2A33E821E73EEBB00CB90F8 /* 3.jpeg */,
				B2A33E811E73EEBB00CB90F8 /* 4.jpeg */,
				B2A33E841E73EEBB00CB90F8 /* 5.jpeg */,
			);
			path = ImageViewer;
			sourceTree = "<group>";
		};
/* End PBXGroup section */

/* Begin PBXNativeTarget section */
		B2A33E691E73EE4900CB90F8 /* ImageViewer */ = {
			isa = PBXNativeTarget;
			buildConfigurationList = B2A33E7C1E73EE4900CB90F8 /* Build configuration list for PBXNativeTarget "ImageViewer" */;
			buildPhases = (
				B2A33E661E73EE4900CB90F8 /* Sources */,
				B2A33E671E73EE4900CB90F8 /* Frameworks */,
				B2A33E681E73EE4900CB90F8 /* Resources */,
			);
			buildRules = (
			);
			dependencies = (
			);
			name = ImageViewer;
			productName = ImageViewer;
			productReference = B2A33E6A1E73EE4900CB90F8 /* ImageViewer.app */;
			productType = "com.apple.product-type.application";
		};
/* End PBXNativeTarget section */

/* Begin PBXProject section */
		B2A33E621E73EE4900CB90F8 /* Project object */ = {
			isa = PBXProject;
			attributes = {
				LastSwiftUpdateCheck = 0820;
				LastUpgradeCheck = 0820;
				ORGANIZATIONNAME = "정은아";
				TargetAttributes = {
					B2A33E691E73EE4900CB90F8 = {
						CreatedOnToolsVersion = 8.2.1;
						ProvisioningStyle = Automatic;
					};
				};
			};
			buildConfigurationList = B2A33E651E73EE4900CB90F8 /* Build configuration list for PBXProject "ImageViewer" */;
			compatibilityVersion = "Xcode 3.2";
			developmentRegion = English;
			hasScannedForEncodings = 0;
			knownRegions = (
				en,
				Base,
			);
			mainGroup = B2A33E611E73EE4900CB90F8;
			productRefGroup = B2A33E6B1E73EE4900CB90F8 /* Products */;
			projectDirPath = "";
			projectRoot = "";
			targets = (
				B2A33E691E73EE4900CB90F8 /* ImageViewer */,
			);
		};
/* End PBXProject section */

/* Begin PBXResourcesBuildPhase section */
		B2A33E681E73EE4900CB90F8 /* Resources */ = {
			isa = PBXResourcesBuildPhase;
			buildActionMask = 2147483647;
			files = (
				B2A33E871E73EEBB00CB90F8 /* 2.jpeg in Resources */,
				B2A33E781E73EE4900CB90F8 /* LaunchScreen.storyboard in Resources */,
				B2A33E861E73EEBB00CB90F8 /* 3.jpeg in Resources */,
				B2A33E751E73EE4900CB90F8 /* Assets.xcassets in Resources */,
				B2A33E731E73EE4900CB90F8 /* Main.storyboard in Resources */,
				B2A33E881E73EEBB00CB90F8 /* 5.jpeg in Resources */,
				B2A33E801E73EEAB00CB90F8 /* 1.jpeg in Resources */,
				B2A33E851E73EEBB00CB90F8 /* 4.jpeg in Resources */,
			);
			runOnlyForDeploymentPostprocessing = 0;
		};
/* End PBXResourcesBuildPhase section */

/* Begin PBXSourcesBuildPhase section */
		B2A33E661E73EE4900CB90F8 /* Sources */ = {
			isa = PBXSourcesBuildPhase;
			buildActionMask = 2147483647;
			files = (
				B2A33E701E73EE4900CB90F8 /* ViewController.swift in Sources */,
				B2A33E6E1E73EE4900CB90F8 /* AppDelegate.swift in Sources */,
			);
			runOnlyForDeploymentPostprocessing = 0;
		};
/* End PBXSourcesBuildPhase section */

/* Begin PBXVariantGroup section */
		B2A33E711E73EE4900CB90F8 /* Main.storyboard */ = {
			isa = PBXVariantGroup;
			children = (
				B2A33E721E73EE4900CB90F8 /* Base */,
			);
			name = Main.storyboard;
			sourceTree = "<group>";
		};
		B2A33E761E73EE4900CB90F8 /* LaunchScreen.storyboard */ = {
			isa = PBXVariantGroup;
			children = (
				B2A33E771E73EE4900CB90F8 /* Base */,
			);
			name = LaunchScreen.storyboard;
			sourceTree = "<group>";
		};
/* End PBXVariantGroup section */

/* Begin XCBuildConfiguration section */
		B2A33E7A1E73EE4900CB90F8 /* Debug */ = {
			isa = XCBuildConfiguration;
			buildSettings = {
				ALWAYS_SEARCH_USER_PATHS = NO;
				CLANG_ANALYZER_NONNULL = YES;
				CLANG_CXX_LANGUAGE_STANDARD = "gnu++0x";
				CLANG_CXX_LIBRARY = "libc++";
				CLANG_ENABLE_MODULES = YES;
				CLANG_ENABLE_OBJC_ARC = YES;
				CLANG_WARN_BOOL_CONVERSION = YES;
				CLANG_WARN_CONSTANT_CONVERSION = YES;
				CLANG_WARN_DIRECT_OBJC_ISA_USAGE = YES_ERROR;
				CLANG_WARN_DOCUMENTATION_COMMENTS = YES;
				CLANG_WARN_EMPTY_BODY = YES;
				CLANG_WARN_ENUM_CONVERSION = YES;
				CLANG_WARN_INFINITE_RECURSION = YES;
				CLANG_WARN_INT_CONVERSION = YES;
				CLANG_WARN_OBJC_ROOT_CLASS = YES_ERROR;
				CLANG_WARN_SUSPICIOUS_MOVE = YES;
				CLANG_WARN_UNREACHABLE_CODE = YES;
				CLANG_WARN__DUPLICATE_METHOD_MATCH = YES;
				"CODE_SIGN_IDENTITY[sdk=iphoneos*]" = "iPhone Developer";
				COPY_PHASE_STRIP = NO;
				DEBUG_INFORMATION_FORMAT = dwarf;
				ENABLE_STRICT_OBJC_MSGSEND = YES;
				ENABLE_TESTABILITY = YES;
				GCC_C_LANGUAGE_STANDARD = gnu99;
				GCC_DYNAMIC_NO_PIC = NO;
				GCC_NO_COMMON_BLOCKS = YES;
				GCC_OPTIMIZATION_LEVEL = 0;
				GCC_PREPROCESSOR_DEFINITIONS = (
					"DEBUG=1",
					"$(inherited)",
				);
				GCC_WARN_64_TO_32_BIT_CONVERSION = YES;
				GCC_WARN_ABOUT_RETURN_TYPE = YES_ERROR;
				GCC_WARN_UNDECLARED_SELECTOR = YES;
				GCC_WARN_UNINITIALIZED_AUTOS = YES_AGGRESSIVE;
				GCC_WARN_UNUSED_FUNCTION = YES;
				GCC_WARN_UNUSED_VARIABLE = YES;
				IPHONEOS_DEPLOYMENT_TARGET = 10.2;
				MTL_ENABLE_DEBUG_INFO = YES;
				ONLY_ACTIVE_ARCH = YES;
				SDKROOT = iphoneos;
				SWIFT_ACTIVE_COMPILATION_CONDITIONS = DEBUG;
				SWIFT_OPTIMIZATION_LEVEL = "-Onone";
			};
			name = Debug;
		};
		B2A33E7B1E73EE4900CB90F8 /* Release */ = {
			isa = XCBuildConfiguration;
			buildSettings = {
				ALWAYS_SEARCH_USER_PATHS = NO;
				CLANG_ANALYZER_NONNULL = YES;
				CLANG_CXX_LANGUAGE_STANDARD = "gnu++0x";
				CLANG_CXX_LIBRARY = "libc++";
				CLANG_ENABLE_MODULES = YES;
				CLANG_ENABLE_OBJC_ARC = YES;
				CLANG_WARN_BOOL_CONVERSION = YES;
				CLANG_WARN_CONSTANT_CONVERSION = YES;
				CLANG_WARN_DIRECT_OBJC_ISA_USAGE = YES_ERROR;
				CLANG_WARN_DOCUMENTATION_COMMENTS = YES;
				CLANG_WARN_EMPTY_BODY = YES;
				CLANG_WARN_ENUM_CONVERSION = YES;
				CLANG_WARN_INFINITE_RECURSION = YES;
				CLANG_WARN_INT_CONVERSION = YES;
				CLANG_WARN_OBJC_ROOT_CLASS = YES_ERROR;
				CLANG_WARN_SUSPICIOUS_MOVE = YES;
				CLANG_WARN_UNREACHABLE_CODE = YES;
				CLANG_WARN__DUPLICATE_METHOD_MATCH = YES;
				"CODE_SIGN_IDENTITY[sdk=iphoneos*]" = "iPhone Developer";
				COPY_PHASE_STRIP = NO;
				DEBUG_INFORMATION_FORMAT = "dwarf-with-dsym";
				ENABLE_NS_ASSERTIONS = NO;
				ENABLE_STRICT_OBJC_MSGSEND = YES;
				GCC_C_LANGUAGE_STANDARD = gnu99;
				GCC_NO_COMMON_BLOCKS = YES;
				GCC_WARN_64_TO_32_BIT_CONVERSION = YES;
				GCC_WARN_ABOUT_RETURN_TYPE = YES_ERROR;
				GCC_WARN_UNDECLARED_SELECTOR = YES;
				GCC_WARN_UNINITIALIZED_AUTOS = YES_AGGRESSIVE;
				GCC_WARN_UNUSED_FUNCTION = YES;
				GCC_WARN_UNUSED_VARIABLE = YES;
				IPHONEOS_DEPLOYMENT_TARGET = 10.2;
				MTL_ENABLE_DEBUG_INFO = NO;
				SDKROOT = iphoneos;
				SWIFT_OPTIMIZATION_LEVEL = "-Owholemodule";
				VALIDATE_PRODUCT = YES;
			};
			name = Release;
		};
		B2A33E7D1E73EE4900CB90F8 /* Debug */ = {
			isa = XCBuildConfiguration;
			buildSettings = {
				ASSETCATALOG_COMPILER_APPICON_NAME = AppIcon;
				INFOPLIST_FILE = ImageViewer/Info.plist;
				LD_RUNPATH_SEARCH_PATHS = "$(inherited) @executable_path/Frameworks";
				PRODUCT_BUNDLE_IDENTIFIER = com.euna501.ImageViewer;
				PRODUCT_NAME = "$(TARGET_NAME)";
				SWIFT_VERSION = 3.0;
			};
			name = Debug;
		};
		B2A33E7E1E73EE4900CB90F8 /* Release */ = {
			isa = XCBuildConfiguration;
			buildSettings = {
				ASSETCATALOG_COMPILER_APPICON_NAME = AppIcon;
				INFOPLIST_FILE = ImageViewer/Info.plist;
				LD_RUNPATH_SEARCH_PATHS = "$(inherited) @executable_path/Frameworks";
				PRODUCT_BUNDLE_IDENTIFIER = com.euna501.ImageViewer;
				PRODUCT_NAME = "$(TARGET_NAME)";
				SWIFT_VERSION = 3.0;
			};
			name = Release;
		};
/* End XCBuildConfiguration section */

/* Begin XCConfigurationList section */
		B2A33E651E73EE4900CB90F8 /* Build configuration list for PBXProject "ImageViewer" */ = {
			isa = XCConfigurationList;
			buildConfigurations = (
				B2A33E7A1E73EE4900CB90F8 /* Debug */,
				B2A33E7B1E73EE4900CB90F8 /* Release */,
			);
			defaultConfigurationIsVisible = 0;
			defaultConfigurationName = Release;
		};
		B2A33E7C1E73EE4900CB90F8 /* Build configuration list for PBXNativeTarget "ImageViewer" */ = {
			isa = XCConfigurationList;
			buildConfigurations = (
				B2A33E7D1E73EE4900CB90F8 /* Debug */,
				B2A33E7E1E73EE4900CB90F8 /* Release */,
			);
			defaultConfigurationIsVisible = 0;
		};
/* End XCConfigurationList section */
	};
	rootObject = B2A33E621E73EE4900CB90F8 /* Project object */;
}
